<?xml version="1.0" encoding="utf-8"?>
<Project ToolsVersion="4.0" xmlns="http://schemas.microsoft.com/developer/msbuild/2003">
  <ItemGroup>
    <ClCompile Include="Camera.cpp">
      <Filter>Source Files</Filter>
    </ClCompile>
    <ClCompile Include="D3D11App.cpp">
      <Filter>Source Files\Framework</Filter>
    </ClCompile>
    <ClCompile Include="GameTimer.cpp">
      <Filter>Source Files\Framework</Filter>
    </ClCompile>
    <ClCompile Include="IRenderFramework.cpp">
      <Filter>Source Files\Framework</Filter>
    </ClCompile>
    <ClCompile Include="Source.cpp">
      <Filter>Source Files\Framework</Filter>
    </ClCompile>
    <ClCompile Include="utils.cpp">
      <Filter>Source Files\Framework</Filter>
    </ClCompile>
    <ClCompile Include="Mesh.cpp">
      <Filter>Source Files\Framework</Filter>
    </ClCompile>
    <ClCompile Include="Material.cpp">
      <Filter>Source Files</Filter>
    </ClCompile>
    <ClCompile Include="ContentManager.cpp">
      <Filter>Source Files\Framework</Filter>
    </ClCompile>
    <ClCompile Include="Texture.cpp">
      <Filter>Source Files\Framework</Filter>
    </ClCompile>
    <ClCompile Include="LitShader.cpp">
      <Filter>Source Files\ShaderClasses</Filter>
    </ClCompile>
  </ItemGroup>
  <ItemGroup>
    <ClInclude Include="Camera.h">
      <Filter>Header Files</Filter>
    </ClInclude>
    <ClInclude Include="Material.h">
      <Filter>Header Files</Filter>
    </ClInclude>
    <ClInclude Include="resource.h">
      <Filter>Header Files</Filter>
    </ClInclude>
    <ClInclude Include="LightHelper.h">
      <Filter>Header Files</Filter>
    </ClInclude>
    <ClInclude Include="FilePathMacros.h">
      <Filter>Header Files</Filter>
    </ClInclude>
    <ClInclude Include="D3D11App.h">
      <Filter>Header Files\Framework</Filter>
    </ClInclude>
    <ClInclude Include="ContentManager.h">
      <Filter>Header Files\Framework</Filter>
    </ClInclude>
    <ClInclude Include="utils.h">
      <Filter>Header Files\Framework</Filter>
    </ClInclude>
    <ClInclude Include="Mesh.h">
      <Filter>Header Files\Framework</Filter>
    </ClInclude>
    <ClInclude Include="IRenderFramework.h">
      <Filter>Header Files\Framework</Filter>
    </ClInclude>
    <ClInclude Include="GameTimer.h">
      <Filter>Header Files\Framework</Filter>
    </ClInclude>
    <ClInclude Include="Texture.h">
      <Filter>Header Files</Filter>
    </ClInclude>
    <ClInclude Include="LitShader.h">
      <Filter>Header Files\ShaderClasses</Filter>
    </ClInclude>
  </ItemGroup>
  <ItemGroup>
    <Filter Include="Resources">
      <UniqueIdentifier>{c545fdf5-2236-4c61-b554-a56ad0ebb1f4}</UniqueIdentifier>
      <Extensions>*</Extensions>
    </Filter>
    <Filter Include="Header Files">
      <UniqueIdentifier>{91b4ccc8-5746-41c9-a0fc-5a23500f54df}</UniqueIdentifier>
      <Extensions>h</Extensions>
    </Filter>
    <Filter Include="Source Files">
      <UniqueIdentifier>{31e90bff-5cfe-472d-be55-8caaec499ae1}</UniqueIdentifier>
      <Extensions>cpp</Extensions>
    </Filter>
    <Filter Include="Source Files\ShaderClasses">
      <UniqueIdentifier>{febeb3cd-33ee-41a3-960a-869d8edb8b8f}</UniqueIdentifier>
    </Filter>
    <Filter Include="Header Files\ShaderClasses">
      <UniqueIdentifier>{6273dbd7-58b8-4944-9af7-d780557fffb3}</UniqueIdentifier>
    </Filter>
    <Filter Include="Source Files\Framework">
      <UniqueIdentifier>{fd1173c9-5202-41f9-af3b-7ec9ff293b37}</UniqueIdentifier>
    </Filter>
    <Filter Include="Header Files\Framework">
      <UniqueIdentifier>{b2636297-07e8-450b-9f59-d57e0845d1e1}</UniqueIdentifier>
    </Filter>
    <Filter Include="Resources\Lit">
      <UniqueIdentifier>{267a8f32-7850-4948-b608-7011301b78a1}</UniqueIdentifier>
      <Extensions>
      </Extensions>
    </Filter>
  </ItemGroup>
  <ItemGroup>
    <None Include="shaders.shader">
      <Filter>Resources</Filter>
    </None>
    <None Include="LightHelper.hlsli">
      <Filter>Resources</Filter>
    </None>
    <None Include="Lit.hlsli">
      <Filter>Resources\Lit</Filter>
    </None>
  </ItemGroup>
  <ItemGroup>
    <FxCompile Include="litPS.hlsl">
      <Filter>Resources\Lit</Filter>
    </FxCompile>
    <FxCompile Include="litVS.hlsl">
      <Filter>Resources\Lit</Filter>
    </FxCompile>
  </ItemGroup>
  <ItemGroup>
    <ResourceCompile Include="RenderingEngine.rc" />
  </ItemGroup>
</Project>