<?xml version="1.0" encoding="utf-8"?>
<Project ToolsVersion="4.0" xmlns="http://schemas.microsoft.com/developer/msbuild/2003">
  <ItemGroup>
    <ClCompile Include="utils.cpp">
      <Filter>Source Files</Filter>
    </ClCompile>
    <ClCompile Include="Source.cpp">
      <Filter>Source Files</Filter>
    </ClCompile>
    <ClCompile Include="GameTimer.cpp">
      <Filter>Source Files</Filter>
    </ClCompile>
    <ClCompile Include="D3D11App.cpp">
      <Filter>Source Files</Filter>
    </ClCompile>
    <ClCompile Include="IRenderFramework.cpp">
      <Filter>Source Files</Filter>
    </ClCompile>
    <ClCompile Include="ColorShaderClass.cpp">
      <Filter>Source Files</Filter>
    </ClCompile>
    <ClCompile Include="ModelClass.cpp">
      <Filter>Source Files</Filter>
    </ClCompile>
    <ClCompile Include="CameraClass.cpp">
      <Filter>Source Files</Filter>
    </ClCompile>
  </ItemGroup>
  <ItemGroup>
    <ClInclude Include="D3D11App.h">
      <Filter>Header Files</Filter>
    </ClInclude>
    <ClInclude Include="GameTimer.h">
      <Filter>Header Files</Filter>
    </ClInclude>
    <ClInclude Include="utils.h">
      <Filter>Header Files</Filter>
    </ClInclude>
    <ClInclude Include="IRenderFramework.h">
      <Filter>Header Files</Filter>
    </ClInclude>
    <ClInclude Include="ColorShaderClass.h">
      <Filter>Header Files</Filter>
    </ClInclude>
    <ClInclude Include="ModelClass.h">
      <Filter>Header Files</Filter>
    </ClInclude>
    <ClInclude Include="CameraClass.h">
      <Filter>Header Files</Filter>
    </ClInclude>
  </ItemGroup>
  <ItemGroup>
    <Filter Include="Resources">
      <UniqueIdentifier>{c545fdf5-2236-4c61-b554-a56ad0ebb1f4}</UniqueIdentifier>
      <Extensions>*</Extensions>
    </Filter>
    <Filter Include="Header Files">
      <UniqueIdentifier>{91b4ccc8-5746-41c9-a0fc-5a23500f54df}</UniqueIdentifier>
      <Extensions>h</Extensions>
    </Filter>
    <Filter Include="Source Files">
      <UniqueIdentifier>{31e90bff-5cfe-472d-be55-8caaec499ae1}</UniqueIdentifier>
      <Extensions>cpp</Extensions>
    </Filter>
    <Filter Include="Resources\Pixel Shaders">
      <UniqueIdentifier>{06af6e55-c8ff-4ff6-99e6-ed10ba4ebbdb}</UniqueIdentifier>
      <Extensions>ps</Extensions>
    </Filter>
    <Filter Include="Resources\Vertex Shaders">
      <UniqueIdentifier>{267a8f32-7850-4948-b608-7011301b78a1}</UniqueIdentifier>
      <Extensions>vs</Extensions>
    </Filter>
  </ItemGroup>
  <ItemGroup>
    <None Include="shaders.shader">
      <Filter>Resources</Filter>
    </None>
    <None Include="colorPS.hlsl">
      <Filter>Resources\Pixel Shaders</Filter>
    </None>
    <None Include="colorVS.hlsl">
      <Filter>Resources\Vertex Shaders</Filter>
    </None>
  </ItemGroup>
</Project>